<?xml version="1.0" encoding="utf-8"?>
<Project ToolsVersion="4.0" xmlns="http://schemas.microsoft.com/developer/msbuild/2003">
  <ItemGroup>
    <Filter Include="File di origine">
      <UniqueIdentifier>{4FC737F1-C7A5-4376-A066-2A32D752A2FF}</UniqueIdentifier>
      <Extensions>cpp;c;cc;cxx;c++;cppm;ixx;def;odl;idl;hpj;bat;asm;asmx</Extensions>
    </Filter>
    <Filter Include="File di intestazione">
      <UniqueIdentifier>{93995380-89BD-4b04-88EB-625FBE52EBFB}</UniqueIdentifier>
      <Extensions>h;hh;hpp;hxx;h++;hm;inl;inc;ipp;xsd</Extensions>
    </Filter>
    <Filter Include="File di risorse">
      <UniqueIdentifier>{67DA6AB6-F800-4c08-8B7A-83BB121AAD01}</UniqueIdentifier>
      <Extensions>rc;ico;cur;bmp;dlg;rc2;rct;bin;rgs;gif;jpg;jpeg;jpe;resx;tiff;tif;png;wav;mfcribbon-ms</Extensions>
    </Filter>
    <Filter Include="File di intestazione\core">
      <UniqueIdentifier>{abf74a9c-8125-4453-abbc-b63e5e55f7fa}</UniqueIdentifier>
    </Filter>
    <Filter Include="File di origine\core">
      <UniqueIdentifier>{ff9d4db6-ed16-4e38-af77-43ecb023893d}</UniqueIdentifier>
    </Filter>
    <Filter Include="File di intestazione\render">
      <UniqueIdentifier>{6dc20e11-fb06-4cb5-9649-2afd3a5c30a6}</UniqueIdentifier>
    </Filter>
    <Filter Include="File di origine\render">
      <UniqueIdentifier>{bf774657-14f2-431a-a63e-6c22b9a5ce35}</UniqueIdentifier>
    </Filter>
  </ItemGroup>
  <ItemGroup>
    <ClInclude Include="include\core\Application.hpp">
      <Filter>File di intestazione\core</Filter>
    </ClInclude>
    <ClInclude Include="include\core\RenderingContext.hpp">
      <Filter>File di intestazione\core</Filter>
    </ClInclude>
    <ClInclude Include="include\core\Util.h">
      <Filter>File di intestazione\core</Filter>
    </ClInclude>
    <ClInclude Include="include\render\ClearColor.hpp">
      <Filter>File di intestazione\render</Filter>
    </ClInclude>
    <ClInclude Include="include\Open3D.hpp">
      <Filter>File di intestazione</Filter>
    </ClInclude>
  </ItemGroup>
  <ItemGroup>
    <ClCompile Include="source\core\Application.cpp">
      <Filter>File di origine\core</Filter>
    </ClCompile>
    <ClCompile Include="source\core\RenderingContext.cpp">
      <Filter>File di origine\core</Filter>
    </ClCompile>
  </ItemGroup>
</Project>